// !$*UTF8*$!
{
	archiveVersion = 1;
	classes = {
	};
	objectVersion = 50;
	objects = {

/* Begin PBXBuildFile section */
		5EEA225C2702445E0056D13F /* AppDelegate.swift in Sources */ = {isa = PBXBuildFile; fileRef = 5EEA225B2702445E0056D13F /* AppDelegate.swift */; };
		5EEA225E2702445E0056D13F /* SceneDelegate.swift in Sources */ = {isa = PBXBuildFile; fileRef = 5EEA225D2702445E0056D13F /* SceneDelegate.swift */; };
		5EEA22602702445E0056D13F /* ViewController.swift in Sources */ = {isa = PBXBuildFile; fileRef = 5EEA225F2702445E0056D13F /* ViewController.swift */; };
		5EEA22632702445E0056D13F /* Main.storyboard in Resources */ = {isa = PBXBuildFile; fileRef = 5EEA22612702445E0056D13F /* Main.storyboard */; };
		5EEA22662702445E0056D13F /* Reaction_Reimagined.xcdatamodeld in Sources */ = {isa = PBXBuildFile; fileRef = 5EEA22642702445E0056D13F /* Reaction_Reimagined.xcdatamodeld */; };
		5EEA22682702445F0056D13F /* Assets.xcassets in Resources */ = {isa = PBXBuildFile; fileRef = 5EEA22672702445F0056D13F /* Assets.xcassets */; };
		5EEA226B2702445F0056D13F /* LaunchScreen.storyboard in Resources */ = {isa = PBXBuildFile; fileRef = 5EEA22692702445F0056D13F /* LaunchScreen.storyboard */; };
/* End PBXBuildFile section */

/* Begin PBXFileReference section */
		5EEA22582702445E0056D13F /* Reaction Reimagined.app */ = {isa = PBXFileReference; explicitFileType = wrapper.application; includeInIndex = 0; path = "Reaction Reimagined.app"; sourceTree = BUILT_PRODUCTS_DIR; };
		5EEA225B2702445E0056D13F /* AppDelegate.swift */ = {isa = PBXFileReference; lastKnownFileType = sourcecode.swift; path = AppDelegate.swift; sourceTree = "<group>"; };
		5EEA225D2702445E0056D13F /* SceneDelegate.swift */ = {isa = PBXFileReference; lastKnownFileType = sourcecode.swift; path = SceneDelegate.swift; sourceTree = "<group>"; };
		5EEA225F2702445E0056D13F /* ViewController.swift */ = {isa = PBXFileReference; lastKnownFileType = sourcecode.swift; path = ViewController.swift; sourceTree = "<group>"; };
		5EEA22622702445E0056D13F /* Base */ = {isa = PBXFileReference; lastKnownFileType = file.storyboard; name = Base; path = Base.lproj/Main.storyboard; sourceTree = "<group>"; };
		5EEA22652702445E0056D13F /* Reaction_Reimagined.xcdatamodel */ = {isa = PBXFileReference; lastKnownFileType = wrapper.xcdatamodel; path = Reaction_Reimagined.xcdatamodel; sourceTree = "<group>"; };
		5EEA22672702445F0056D13F /* Assets.xcassets */ = {isa = PBXFileReference; lastKnownFileType = folder.assetcatalog; path = Assets.xcassets; sourceTree = "<group>"; };
		5EEA226A2702445F0056D13F /* Base */ = {isa = PBXFileReference; lastKnownFileType = file.storyboard; name = Base; path = Base.lproj/LaunchScreen.storyboard; sourceTree = "<group>"; };
		5EEA226C2702445F0056D13F /* Info.plist */ = {isa = PBXFileReference; lastKnownFileType = text.plist.xml; path = Info.plist; sourceTree = "<group>"; };
/* End PBXFileReference section */

/* Begin PBXFrameworksBuildPhase section */
		5EEA22552702445E0056D13F /* Frameworks */ = {
			isa = PBXFrameworksBuildPhase;
			buildActionMask = 2147483647;
			files = (
			);
			runOnlyForDeploymentPostprocessing = 0;
		};
/* End PBXFrameworksBuildPhase section */

/* Begin PBXGroup section */
		5EEA224F2702445E0056D13F = {
			isa = PBXGroup;
			children = (
				5EEA225A2702445E0056D13F /* Reaction Reimagined */,
				5EEA22592702445E0056D13F /* Products */,
			);
			sourceTree = "<group>";
		};
		5EEA22592702445E0056D13F /* Products */ = {
			isa = PBXGroup;
			children = (
				5EEA22582702445E0056D13F /* Reaction Reimagined.app */,
			);
			name = Products;
			sourceTree = "<group>";
		};
		5EEA225A2702445E0056D13F /* Reaction Reimagined */ = {
			isa = PBXGroup;
			children = (
				5EEA225B2702445E0056D13F /* AppDelegate.swift */,
				5EEA225D2702445E0056D13F /* SceneDelegate.swift */,
				5EEA225F2702445E0056D13F /* ViewController.swift */,
				5EEA22612702445E0056D13F /* Main.storyboard */,
				5EEA22672702445F0056D13F /* Assets.xcassets */,
				5EEA22692702445F0056D13F /* LaunchScreen.storyboard */,
				5EEA226C2702445F0056D13F /* Info.plist */,
				5EEA22642702445E0056D13F /* Reaction_Reimagined.xcdatamodeld */,
			);
			path = "Reaction Reimagined";
			sourceTree = "<group>";
		};
/* End PBXGroup section */

/* Begin PBXNativeTarget section */
		5EEA22572702445E0056D13F /* Reaction Reimagined */ = {
			isa = PBXNativeTarget;
			buildConfigurationList = 5EEA226F2702445F0056D13F /* Build configuration list for PBXNativeTarget "Reaction Reimagined" */;
			buildPhases = (
				5EEA22542702445E0056D13F /* Sources */,
				5EEA22552702445E0056D13F /* Frameworks */,
				5EEA22562702445E0056D13F /* Resources */,
			);
			buildRules = (
			);
			dependencies = (
			);
			name = "Reaction Reimagined";
			productName = "Reaction Reimagined";
			productReference = 5EEA22582702445E0056D13F /* Reaction Reimagined.app */;
			productType = "com.apple.product-type.application";
		};
/* End PBXNativeTarget section */

/* Begin PBXProject section */
		5EEA22502702445E0056D13F /* Project object */ = {
			isa = PBXProject;
			attributes = {
				LastSwiftUpdateCheck = 1250;
				LastUpgradeCheck = 1250;
				TargetAttributes = {
					5EEA22572702445E0056D13F = {
						CreatedOnToolsVersion = 12.5.1;
					};
				};
			};
			buildConfigurationList = 5EEA22532702445E0056D13F /* Build configuration list for PBXProject "Reaction Reimagined" */;
			compatibilityVersion = "Xcode 9.3";
			developmentRegion = en;
			hasScannedForEncodings = 0;
			knownRegions = (
				en,
				Base,
			);
			mainGroup = 5EEA224F2702445E0056D13F;
			productRefGroup = 5EEA22592702445E0056D13F /* Products */;
			projectDirPath = "";
			projectRoot = "";
			targets = (
				5EEA22572702445E0056D13F /* Reaction Reimagined */,
			);
		};
/* End PBXProject section */

/* Begin PBXResourcesBuildPhase section */
		5EEA22562702445E0056D13F /* Resources */ = {
			isa = PBXResourcesBuildPhase;
			buildActionMask = 2147483647;
			files = (
				5EEA226B2702445F0056D13F /* LaunchScreen.storyboard in Resources */,
				5EEA22682702445F0056D13F /* Assets.xcassets in Resources */,
				5EEA22632702445E0056D13F /* Main.storyboard in Resources */,
			);
			runOnlyForDeploymentPostprocessing = 0;
		};
/* End PBXResourcesBuildPhase section */

/* Begin PBXSourcesBuildPhase section */
		5EEA22542702445E0056D13F /* Sources */ = {
			isa = PBXSourcesBuildPhase;
			buildActionMask = 2147483647;
			files = (
				5EEA22602702445E0056D13F /* ViewController.swift in Sources */,
				5EEA225C2702445E0056D13F /* AppDelegate.swift in Sources */,
				5EEA22662702445E0056D13F /* Reaction_Reimagined.xcdatamodeld in Sources */,
				5EEA225E2702445E0056D13F /* SceneDelegate.swift in Sources */,
			);
			runOnlyForDeploymentPostprocessing = 0;
		};
/* End PBXSourcesBuildPhase section */

/* Begin PBXVariantGroup section */
		5EEA22612702445E0056D13F /* Main.storyboard */ = {
			isa = PBXVariantGroup;
			children = (
				5EEA22622702445E0056D13F /* Base */,
			);
			name = Main.storyboard;
			sourceTree = "<group>";
		};
		5EEA22692702445F0056D13F /* LaunchScreen.storyboard */ = {
			isa = PBXVariantGroup;
			children = (
				5EEA226A2702445F0056D13F /* Base */,
			);
			name = LaunchScreen.storyboard;
			sourceTree = "<group>";
		};
/* End PBXVariantGroup section */

/* Begin XCBuildConfiguration section */
		5EEA226D2702445F0056D13F /* Debug */ = {
			isa = XCBuildConfiguration;
			buildSettings = {
				ALWAYS_SEARCH_USER_PATHS = NO;
				CLANG_ANALYZER_NONNULL = YES;
				CLANG_ANALYZER_NUMBER_OBJECT_CONVERSION = YES_AGGRESSIVE;
				CLANG_CXX_LANGUAGE_STANDARD = "gnu++14";
				CLANG_CXX_LIBRARY = "libc++";
				CLANG_ENABLE_MODULES = YES;
				CLANG_ENABLE_OBJC_ARC = YES;
				CLANG_ENABLE_OBJC_WEAK = YES;
				CLANG_WARN_BLOCK_CAPTURE_AUTORELEASING = YES;
				CLANG_WARN_BOOL_CONVERSION = YES;
				CLANG_WARN_COMMA = YES;
				CLANG_WARN_CONSTANT_CONVERSION = YES;
				CLANG_WARN_DEPRECATED_OBJC_IMPLEMENTATIONS = YES;
				CLANG_WARN_DIRECT_OBJC_ISA_USAGE = YES_ERROR;
				CLANG_WARN_DOCUMENTATION_COMMENTS = YES;
				CLANG_WARN_EMPTY_BODY = YES;
				CLANG_WARN_ENUM_CONVERSION = YES;
				CLANG_WARN_INFINITE_RECURSION = YES;
				CLANG_WARN_INT_CONVERSION = YES;
				CLANG_WARN_NON_LITERAL_NULL_CONVERSION = YES;
				CLANG_WARN_OBJC_IMPLICIT_RETAIN_SELF = YES;
				CLANG_WARN_OBJC_LITERAL_CONVERSION = YES;
				CLANG_WARN_OBJC_ROOT_CLASS = YES_ERROR;
				CLANG_WARN_QUOTED_INCLUDE_IN_FRAMEWORK_HEADER = YES;
				CLANG_WARN_RANGE_LOOP_ANALYSIS = YES;
				CLANG_WARN_STRICT_PROTOTYPES = YES;
				CLANG_WARN_SUSPICIOUS_MOVE = YES;
				CLANG_WARN_UNGUARDED_AVAILABILITY = YES_AGGRESSIVE;
				CLANG_WARN_UNREACHABLE_CODE = YES;
				CLANG_WARN__DUPLICATE_METHOD_MATCH = YES;
				COPY_PHASE_STRIP = NO;
				DEBUG_INFORMATION_FORMAT = dwarf;
				ENABLE_STRICT_OBJC_MSGSEND = YES;
				ENABLE_TESTABILITY = YES;
				GCC_C_LANGUAGE_STANDARD = gnu11;
				GCC_DYNAMIC_NO_PIC = NO;
				GCC_NO_COMMON_BLOCKS = YES;
				GCC_OPTIMIZATION_LEVEL = 0;
				GCC_PREPROCESSOR_DEFINITIONS = (
					"DEBUG=1",
					"$(inherited)",
				);
				GCC_WARN_64_TO_32_BIT_CONVERSION = YES;
				GCC_WARN_ABOUT_RETURN_TYPE = YES_ERROR;
				GCC_WARN_UNDECLARED_SELECTOR = YES;
				GCC_WARN_UNINITIALIZED_AUTOS = YES_AGGRESSIVE;
				GCC_WARN_UNUSED_FUNCTION = YES;
				GCC_WARN_UNUSED_VARIABLE = YES;
				IPHONEOS_DEPLOYMENT_TARGET = 14.5;
				MTL_ENABLE_DEBUG_INFO = INCLUDE_SOURCE;
				MTL_FAST_MATH = YES;
				ONLY_ACTIVE_ARCH = YES;
				SDKROOT = iphoneos;
				SWIFT_ACTIVE_COMPILATION_CONDITIONS = DEBUG;
				SWIFT_OPTIMIZATION_LEVEL = "-Onone";
			};
			name = Debug;
		};
		5EEA226E2702445F0056D13F /* Release */ = {
			isa = XCBuildConfiguration;
			buildSettings = {
				ALWAYS_SEARCH_USER_PATHS = NO;
				CLANG_ANALYZER_NONNULL = YES;
				CLANG_ANALYZER_NUMBER_OBJECT_CONVERSION = YES_AGGRESSIVE;
				CLANG_CXX_LANGUAGE_STANDARD = "gnu++14";
				CLANG_CXX_LIBRARY = "libc++";
				CLANG_ENABLE_MODULES = YES;
				CLANG_ENABLE_OBJC_ARC = YES;
				CLANG_ENABLE_OBJC_WEAK = YES;
				CLANG_WARN_BLOCK_CAPTURE_AUTORELEASING = YES;
				CLANG_WARN_BOOL_CONVERSION = YES;
				CLANG_WARN_COMMA = YES;
				CLANG_WARN_CONSTANT_CONVERSION = YES;
				CLANG_WARN_DEPRECATED_OBJC_IMPLEMENTATIONS = YES;
				CLANG_WARN_DIRECT_OBJC_ISA_USAGE = YES_ERROR;
				CLANG_WARN_DOCUMENTATION_COMMENTS = YES;
				CLANG_WARN_EMPTY_BODY = YES;
				CLANG_WARN_ENUM_CONVERSION = YES;
				CLANG_WARN_INFINITE_RECURSION = YES;
				CLANG_WARN_INT_CONVERSION = YES;
				CLANG_WARN_NON_LITERAL_NULL_CONVERSION = YES;
				CLANG_WARN_OBJC_IMPLICIT_RETAIN_SELF = YES;
				CLANG_WARN_OBJC_LITERAL_CONVERSION = YES;
				CLANG_WARN_OBJC_ROOT_CLASS = YES_ERROR;
				CLANG_WARN_QUOTED_INCLUDE_IN_FRAMEWORK_HEADER = YES;
				CLANG_WARN_RANGE_LOOP_ANALYSIS = YES;
				CLANG_WARN_STRICT_PROTOTYPES = YES;
				CLANG_WARN_SUSPICIOUS_MOVE = YES;
				CLANG_WARN_UNGUARDED_AVAILABILITY = YES_AGGRESSIVE;
				CLANG_WARN_UNREACHABLE_CODE = YES;
				CLANG_WARN__DUPLICATE_METHOD_MATCH = YES;
				COPY_PHASE_STRIP = NO;
				DEBUG_INFORMATION_FORMAT = "dwarf-with-dsym";
				ENABLE_NS_ASSERTIONS = NO;
				ENABLE_STRICT_OBJC_MSGSEND = YES;
				GCC_C_LANGUAGE_STANDARD = gnu11;
				GCC_NO_COMMON_BLOCKS = YES;
				GCC_WARN_64_TO_32_BIT_CONVERSION = YES;
				GCC_WARN_ABOUT_RETURN_TYPE = YES_ERROR;
				GCC_WARN_UNDECLARED_SELECTOR = YES;
				GCC_WARN_UNINITIALIZED_AUTOS = YES_AGGRESSIVE;
				GCC_WARN_UNUSED_FUNCTION = YES;
				GCC_WARN_UNUSED_VARIABLE = YES;
				IPHONEOS_DEPLOYMENT_TARGET = 14.5;
				MTL_ENABLE_DEBUG_INFO = NO;
				MTL_FAST_MATH = YES;
				SDKROOT = iphoneos;
				SWIFT_COMPILATION_MODE = wholemodule;
				SWIFT_OPTIMIZATION_LEVEL = "-O";
				VALIDATE_PRODUCT = YES;
			};
			name = Release;
		};
		5EEA22702702445F0056D13F /* Debug */ = {
			isa = XCBuildConfiguration;
			buildSettings = {
				ASSETCATALOG_COMPILER_APPICON_NAME = AppIcon;
				ASSETCATALOG_COMPILER_GLOBAL_ACCENT_COLOR_NAME = AccentColor;
				CODE_SIGN_STYLE = Automatic;
				DEVELOPMENT_TEAM = 4X7Z2N82DF;
				INFOPLIST_FILE = "Reaction Reimagined/Info.plist";
				LD_RUNPATH_SEARCH_PATHS = (
					"$(inherited)",
					"@executable_path/Frameworks",
				);
				PRODUCT_BUNDLE_IDENTIFIER = "ashapps.Reaction-Reimagined";
				PRODUCT_NAME = "$(TARGET_NAME)";
				SWIFT_VERSION = 5.0;
				TARGETED_DEVICE_FAMILY = "1,2";
			};
			name = Debug;
		};
		5EEA22712702445F0056D13F /* Release */ = {
			isa = XCBuildConfiguration;
			buildSettings = {
				ASSETCATALOG_COMPILER_APPICON_NAME = AppIcon;
				ASSETCATALOG_COMPILER_GLOBAL_ACCENT_COLOR_NAME = AccentColor;
				CODE_SIGN_STYLE = Automatic;
				DEVELOPMENT_TEAM = 4X7Z2N82DF;
				INFOPLIST_FILE = "Reaction Reimagined/Info.plist";
				LD_RUNPATH_SEARCH_PATHS = (
					"$(inherited)",
					"@executable_path/Frameworks",
				);
				PRODUCT_BUNDLE_IDENTIFIER = "ashapps.Reaction-Reimagined";
				PRODUCT_NAME = "$(TARGET_NAME)";
				SWIFT_VERSION = 5.0;
				TARGETED_DEVICE_FAMILY = "1,2";
			};
			name = Release;
		};
/* End XCBuildConfiguration section */

/* Begin XCConfigurationList section */
		5EEA22532702445E0056D13F /* Build configuration list for PBXProject "Reaction Reimagined" */ = {
			isa = XCConfigurationList;
			buildConfigurations = (
				5EEA226D2702445F0056D13F /* Debug */,
				5EEA226E2702445F0056D13F /* Release */,
			);
			defaultConfigurationIsVisible = 0;
			defaultConfigurationName = Release;
		};
		5EEA226F2702445F0056D13F /* Build configuration list for PBXNativeTarget "Reaction Reimagined" */ = {
			isa = XCConfigurationList;
			buildConfigurations = (
				5EEA22702702445F0056D13F /* Debug */,
				5EEA22712702445F0056D13F /* Release */,
			);
			defaultConfigurationIsVisible = 0;
			defaultConfigurationName = Release;
		};
/* End XCConfigurationList section */

/* Begin XCVersionGroup section */
		5EEA22642702445E0056D13F /* Reaction_Reimagined.xcdatamodeld */ = {
			isa = XCVersionGroup;
			children = (
				5EEA22652702445E0056D13F /* Reaction_Reimagined.xcdatamodel */,
			);
			currentVersion = 5EEA22652702445E0056D13F /* Reaction_Reimagined.xcdatamodel */;
			path = Reaction_Reimagined.xcdatamodeld;
			sourceTree = "<group>";
			versionGroupType = wrapper.xcdatamodel;
		};
/* End XCVersionGroup section */
	};
	rootObject = 5EEA22502702445E0056D13F /* Project object */;
}
